
Microsoft Visual Studio Solution File, Format Version 12.00
# Visual Studio Version 17
VisualStudioVersion = 17.2.32526.322
MinimumVisualStudioVersion = 10.0.40219.1
Project("{FAE04EC0-301F-11D3-BF4B-00C04F79EFBC}") = "IES9012.UI", "IES9012.UI\IES9012.UI.csproj", "{7CF6B986-7D25-4A21-8387-E16C5723CE8A}"
EndProject
Project("{FAE04EC0-301F-11D3-BF4B-00C04F79EFBC}") = "IES9012.Core", "IES9012.Core\IES9012.Core.csproj", "{9E3D873E-838A-43B8-9075-4DBFCDF5A700}"
EndProject
Global
	GlobalSection(SolutionConfigurationPlatforms) = preSolution
		Debug|Any CPU = Debug|Any CPU
		Release|Any CPU = Release|Any CPU
	EndGlobalSection
	GlobalSection(ProjectConfigurationPlatforms) = postSolution
		{7CF6B986-7D25-4A21-8387-E16C5723CE8A}.Debug|Any CPU.ActiveCfg = Debug|Any CPU
		{7CF6B986-7D25-4A21-8387-E16C5723CE8A}.Debug|Any CPU.Build.0 = Debug|Any CPU
		{7CF6B986-7D25-4A21-8387-E16C5723CE8A}.Release|Any CPU.ActiveCfg = Release|Any CPU
		{7CF6B986-7D25-4A21-8387-E16C5723CE8A}.Release|Any CPU.Build.0 = Release|Any CPU
		{9E3D873E-838A-43B8-9075-4DBFCDF5A700}.Debug|Any CPU.ActiveCfg = Debug|Any CPU
		{9E3D873E-838A-43B8-9075-4DBFCDF5A700}.Debug|Any CPU.Build.0 = Debug|Any CPU
		{9E3D873E-838A-43B8-9075-4DBFCDF5A700}.Release|Any CPU.ActiveCfg = Release|Any CPU
		{9E3D873E-838A-43B8-9075-4DBFCDF5A700}.Release|Any CPU.Build.0 = Release|Any CPU
	EndGlobalSection
	GlobalSection(SolutionProperties) = preSolution
		HideSolutionNode = FALSE
	EndGlobalSection
	GlobalSection(ExtensibilityGlobals) = postSolution
		SolutionGuid = {D832F073-4F8C-4005-841A-324E3913DB46}
	EndGlobalSection
EndGlobal
